
Microsoft Visual Studio Solution File, Format Version 12.00
# Visual Studio Version 17
VisualStudioVersion = 17.0.31919.166
MinimumVisualStudioVersion = 10.0.40219.1
Project("{2150E333-8FDC-42A3-9474-1A3956D46DE8}") = "IDS4-ClientCredentials", "IDS4-ClientCredentials", "{881F38E4-46A9-46A4-8FA2-FD46F14B56A6}"
EndProject
Project("{9A19103F-16F7-4668-BE54-9A1E7A4F7556}") = "QingRain.IdentityServer", "IDS4-ClientCredentials\QingRain.IdentityServer\QingRain.IdentityServer.csproj", "{0A25D917-F276-4B67-9F74-123D3549879C}"
EndProject
Project("{9A19103F-16F7-4668-BE54-9A1E7A4F7556}") = "QingRain.Api", "IDS4-ClientCredentials\QingRain.Api\QingRain.Api.csproj", "{A1C15036-465C-434F-8EC1-AF98FDB24EE2}"
EndProject
Project("{9A19103F-16F7-4668-BE54-9A1E7A4F7556}") = "QingRain.Client", "IDS4-ClientCredentials\QingRain.Client\QingRain.Client.csproj", "{F6E7D139-B3BF-4539-A18C-721C9048A874}"
EndProject
Project("{2150E333-8FDC-42A3-9474-1A3956D46DE8}") = "IDS4-ResourceOwnerPassword", "IDS4-ResourceOwnerPassword", "{D6DF85EF-8A76-43EF-8FBC-309DCDDBE052}"
EndProject
Project("{9A19103F-16F7-4668-BE54-9A1E7A4F7556}") = "QingRain.IdentityServer.ResourceOwnerPassword", "IDS4-ResourceOwnerPassword\QingRain.IdentityServer.ResourceOwnerPassword\QingRain.IdentityServer.ResourceOwnerPassword.csproj", "{AE0DBDF7-FB5F-4FB4-ACEE-2C990F338305}"
EndProject
Project("{9A19103F-16F7-4668-BE54-9A1E7A4F7556}") = "QingRain.Api.ResourceOwnerPassword", "IDS4-ResourceOwnerPassword\QingRain.Api.ResourceOwnerPassword\QingRain.Api.ResourceOwnerPassword.csproj", "{82D0C799-2449-454B-BAE1-2A8198DF4749}"
EndProject
Project("{9A19103F-16F7-4668-BE54-9A1E7A4F7556}") = "QingRain.Client.ResourceOwnerPassword", "IDS4-ResourceOwnerPassword\QingRain.Client.ResourceOwnerPassword\QingRain.Client.ResourceOwnerPassword.csproj", "{9CC4F297-8532-4255-AC55-A88E4936BA93}"
EndProject
Project("{2150E333-8FDC-42A3-9474-1A3956D46DE8}") = "IDS4-Implicit", "IDS4-Implicit", "{11145425-AFFB-4049-A6F0-9EE030081A29}"
EndProject
Project("{9A19103F-16F7-4668-BE54-9A1E7A4F7556}") = "QingRain.IdentityServer.Implicit", "IDS4-Implicit\QingRain.IdentityServer.Implicit\QingRain.IdentityServer.Implicit.csproj", "{E765485B-E94B-46FA-895C-AD17F5B00C74}"
EndProject
Project("{9A19103F-16F7-4668-BE54-9A1E7A4F7556}") = "QingRain.MvcClient.Implicit", "IDS4-Implicit\QingRain.MvcClient.Implicit\QingRain.MvcClient.Implicit.csproj", "{DE97A7D6-9431-4DE7-8A6B-9A35DB86BFF6}"
EndProject
Project("{2150E333-8FDC-42A3-9474-1A3956D46DE8}") = "IDS4-AuthorizationCode", "IDS4-AuthorizationCode", "{117E38DE-242E-4AAC-A97E-8E5975C70A09}"
EndProject
Project("{9A19103F-16F7-4668-BE54-9A1E7A4F7556}") = "QingRain.MvcClient.AuthorizationCode", "IDS4-AuthorizationCode\QingRain.MvcClient.AuthorizationCode\QingRain.MvcClient.AuthorizationCode.csproj", "{CE14E6A3-0E75-487A-A619-51F8D8A01F6B}"
EndProject
Project("{FAE04EC0-301F-11D3-BF4B-00C04F79EFBC}") = "QingRain.IdentityServer.AuthorizationCode", "IDS4-AuthorizationCode\QingRain.IdentityServer.AuthorizationCode\QingRain.IdentityServer.AuthorizationCode.csproj", "{A3BF5DAA-9414-4F11-957C-BABBBE0A70EA}"
EndProject
Global
	GlobalSection(SolutionConfigurationPlatforms) = preSolution
		Debug|Any CPU = Debug|Any CPU
		Release|Any CPU = Release|Any CPU
	EndGlobalSection
	GlobalSection(ProjectConfigurationPlatforms) = postSolution
		{0A25D917-F276-4B67-9F74-123D3549879C}.Debug|Any CPU.ActiveCfg = Debug|Any CPU
		{0A25D917-F276-4B67-9F74-123D3549879C}.Debug|Any CPU.Build.0 = Debug|Any CPU
		{0A25D917-F276-4B67-9F74-123D3549879C}.Release|Any CPU.ActiveCfg = Release|Any CPU
		{0A25D917-F276-4B67-9F74-123D3549879C}.Release|Any CPU.Build.0 = Release|Any CPU
		{A1C15036-465C-434F-8EC1-AF98FDB24EE2}.Debug|Any CPU.ActiveCfg = Debug|Any CPU
		{A1C15036-465C-434F-8EC1-AF98FDB24EE2}.Debug|Any CPU.Build.0 = Debug|Any CPU
		{A1C15036-465C-434F-8EC1-AF98FDB24EE2}.Release|Any CPU.ActiveCfg = Release|Any CPU
		{A1C15036-465C-434F-8EC1-AF98FDB24EE2}.Release|Any CPU.Build.0 = Release|Any CPU
		{F6E7D139-B3BF-4539-A18C-721C9048A874}.Debug|Any CPU.ActiveCfg = Debug|Any CPU
		{F6E7D139-B3BF-4539-A18C-721C9048A874}.Debug|Any CPU.Build.0 = Debug|Any CPU
		{F6E7D139-B3BF-4539-A18C-721C9048A874}.Release|Any CPU.ActiveCfg = Release|Any CPU
		{F6E7D139-B3BF-4539-A18C-721C9048A874}.Release|Any CPU.Build.0 = Release|Any CPU
		{AE0DBDF7-FB5F-4FB4-ACEE-2C990F338305}.Debug|Any CPU.ActiveCfg = Debug|Any CPU
		{AE0DBDF7-FB5F-4FB4-ACEE-2C990F338305}.Debug|Any CPU.Build.0 = Debug|Any CPU
		{AE0DBDF7-FB5F-4FB4-ACEE-2C990F338305}.Release|Any CPU.ActiveCfg = Release|Any CPU
		{AE0DBDF7-FB5F-4FB4-ACEE-2C990F338305}.Release|Any CPU.Build.0 = Release|Any CPU
		{82D0C799-2449-454B-BAE1-2A8198DF4749}.Debug|Any CPU.ActiveCfg = Debug|Any CPU
		{82D0C799-2449-454B-BAE1-2A8198DF4749}.Debug|Any CPU.Build.0 = Debug|Any CPU
		{82D0C799-2449-454B-BAE1-2A8198DF4749}.Release|Any CPU.ActiveCfg = Release|Any CPU
		{82D0C799-2449-454B-BAE1-2A8198DF4749}.Release|Any CPU.Build.0 = Release|Any CPU
		{9CC4F297-8532-4255-AC55-A88E4936BA93}.Debug|Any CPU.ActiveCfg = Debug|Any CPU
		{9CC4F297-8532-4255-AC55-A88E4936BA93}.Debug|Any CPU.Build.0 = Debug|Any CPU
		{9CC4F297-8532-4255-AC55-A88E4936BA93}.Release|Any CPU.ActiveCfg = Release|Any CPU
		{9CC4F297-8532-4255-AC55-A88E4936BA93}.Release|Any CPU.Build.0 = Release|Any CPU
		{E765485B-E94B-46FA-895C-AD17F5B00C74}.Debug|Any CPU.ActiveCfg = Debug|Any CPU
		{E765485B-E94B-46FA-895C-AD17F5B00C74}.Debug|Any CPU.Build.0 = Debug|Any CPU
		{E765485B-E94B-46FA-895C-AD17F5B00C74}.Release|Any CPU.ActiveCfg = Release|Any CPU
		{E765485B-E94B-46FA-895C-AD17F5B00C74}.Release|Any CPU.Build.0 = Release|Any CPU
		{DE97A7D6-9431-4DE7-8A6B-9A35DB86BFF6}.Debug|Any CPU.ActiveCfg = Debug|Any CPU
		{DE97A7D6-9431-4DE7-8A6B-9A35DB86BFF6}.Debug|Any CPU.Build.0 = Debug|Any CPU
		{DE97A7D6-9431-4DE7-8A6B-9A35DB86BFF6}.Release|Any CPU.ActiveCfg = Release|Any CPU
		{DE97A7D6-9431-4DE7-8A6B-9A35DB86BFF6}.Release|Any CPU.Build.0 = Release|Any CPU
		{CE14E6A3-0E75-487A-A619-51F8D8A01F6B}.Debug|Any CPU.ActiveCfg = Debug|Any CPU
		{CE14E6A3-0E75-487A-A619-51F8D8A01F6B}.Debug|Any CPU.Build.0 = Debug|Any CPU
		{CE14E6A3-0E75-487A-A619-51F8D8A01F6B}.Release|Any CPU.ActiveCfg = Release|Any CPU
		{CE14E6A3-0E75-487A-A619-51F8D8A01F6B}.Release|Any CPU.Build.0 = Release|Any CPU
		{A3BF5DAA-9414-4F11-957C-BABBBE0A70EA}.Debug|Any CPU.ActiveCfg = Debug|Any CPU
		{A3BF5DAA-9414-4F11-957C-BABBBE0A70EA}.Debug|Any CPU.Build.0 = Debug|Any CPU
		{A3BF5DAA-9414-4F11-957C-BABBBE0A70EA}.Release|Any CPU.ActiveCfg = Release|Any CPU
		{A3BF5DAA-9414-4F11-957C-BABBBE0A70EA}.Release|Any CPU.Build.0 = Release|Any CPU
	EndGlobalSection
	GlobalSection(SolutionProperties) = preSolution
		HideSolutionNode = FALSE
	EndGlobalSection
	GlobalSection(NestedProjects) = preSolution
		{0A25D917-F276-4B67-9F74-123D3549879C} = {881F38E4-46A9-46A4-8FA2-FD46F14B56A6}
		{A1C15036-465C-434F-8EC1-AF98FDB24EE2} = {881F38E4-46A9-46A4-8FA2-FD46F14B56A6}
		{F6E7D139-B3BF-4539-A18C-721C9048A874} = {881F38E4-46A9-46A4-8FA2-FD46F14B56A6}
		{AE0DBDF7-FB5F-4FB4-ACEE-2C990F338305} = {D6DF85EF-8A76-43EF-8FBC-309DCDDBE052}
		{82D0C799-2449-454B-BAE1-2A8198DF4749} = {D6DF85EF-8A76-43EF-8FBC-309DCDDBE052}
		{9CC4F297-8532-4255-AC55-A88E4936BA93} = {D6DF85EF-8A76-43EF-8FBC-309DCDDBE052}
		{E765485B-E94B-46FA-895C-AD17F5B00C74} = {11145425-AFFB-4049-A6F0-9EE030081A29}
		{DE97A7D6-9431-4DE7-8A6B-9A35DB86BFF6} = {11145425-AFFB-4049-A6F0-9EE030081A29}
		{CE14E6A3-0E75-487A-A619-51F8D8A01F6B} = {117E38DE-242E-4AAC-A97E-8E5975C70A09}
		{A3BF5DAA-9414-4F11-957C-BABBBE0A70EA} = {117E38DE-242E-4AAC-A97E-8E5975C70A09}
	EndGlobalSection
	GlobalSection(ExtensibilityGlobals) = postSolution
		SolutionGuid = {E6C2B872-C921-4047-BEB7-FD9EC7310FF2}
	EndGlobalSection
EndGlobal
