
Microsoft Visual Studio Solution File, Format Version 12.00
# Visual Studio Version 17
VisualStudioVersion = 17.0.31919.166
MinimumVisualStudioVersion = 10.0.40219.1
Project("{2150E333-8FDC-42A3-9474-1A3956D46DE8}") = "IDS4-ClientCredentials", "IDS4-ClientCredentials", "{881F38E4-46A9-46A4-8FA2-FD46F14B56A6}"
EndProject
Project("{9A19103F-16F7-4668-BE54-9A1E7A4F7556}") = "QingRain.IdentityServer", "IDS4-ClientCredentials\QingRain.IdentityServer\QingRain.IdentityServer.csproj", "{0A25D917-F276-4B67-9F74-123D3549879C}"
EndProject
Project("{9A19103F-16F7-4668-BE54-9A1E7A4F7556}") = "QingRain.Api", "IDS4-ClientCredentials\QingRain.Api\QingRain.Api.csproj", "{A1C15036-465C-434F-8EC1-AF98FDB24EE2}"
EndProject
Project("{9A19103F-16F7-4668-BE54-9A1E7A4F7556}") = "QingRain.Client", "IDS4-ClientCredentials\QingRain.Client\QingRain.Client.csproj", "{F6E7D139-B3BF-4539-A18C-721C9048A874}"
EndProject
Project("{2150E333-8FDC-42A3-9474-1A3956D46DE8}") = "IDS4-ResourceOwnerPassword", "IDS4-ResourceOwnerPassword", "{D6DF85EF-8A76-43EF-8FBC-309DCDDBE052}"
EndProject
Project("{9A19103F-16F7-4668-BE54-9A1E7A4F7556}") = "QingRain.IdentityServer.ResourceOwnerPassword", "IDS4-ResourceOwnerPassword\QingRain.IdentityServer.ResourceOwnerPassword\QingRain.IdentityServer.ResourceOwnerPassword.csproj", "{AE0DBDF7-FB5F-4FB4-ACEE-2C990F338305}"
EndProject
Project("{9A19103F-16F7-4668-BE54-9A1E7A4F7556}") = "QingRain.Api.ResourceOwnerPassword", "IDS4-ResourceOwnerPassword\QingRain.Api.ResourceOwnerPassword\QingRain.Api.ResourceOwnerPassword.csproj", "{82D0C799-2449-454B-BAE1-2A8198DF4749}"
EndProject
Project("{9A19103F-16F7-4668-BE54-9A1E7A4F7556}") = "QingRain.Client.ResourceOwnerPassword", "IDS4-ResourceOwnerPassword\QingRain.Client.ResourceOwnerPassword\QingRain.Client.ResourceOwnerPassword.csproj", "{9CC4F297-8532-4255-AC55-A88E4936BA93}"
EndProject
Project("{2150E333-8FDC-42A3-9474-1A3956D46DE8}") = "IDS4-Implicit", "IDS4-Implicit", "{11145425-AFFB-4049-A6F0-9EE030081A29}"
EndProject
Project("{9A19103F-16F7-4668-BE54-9A1E7A4F7556}") = "QingRain.IdentityServer.Implicit", "IDS4-Implicit\QingRain.IdentityServer.Implicit\QingRain.IdentityServer.Implicit.csproj", "{E765485B-E94B-46FA-895C-AD17F5B00C74}"
EndProject
Project("{9A19103F-16F7-4668-BE54-9A1E7A4F7556}") = "QingRain.MvcClient.Implicit", "IDS4-Implicit\QingRain.MvcClient.Implicit\QingRain.MvcClient.Implicit.csproj", "{DE97A7D6-9431-4DE7-8A6B-9A35DB86BFF6}"
EndProject
Project("{2150E333-8FDC-42A3-9474-1A3956D46DE8}") = "IDS4-AuthorizationCode", "IDS4-AuthorizationCode", "{117E38DE-242E-4AAC-A97E-8E5975C70A09}"
EndProject
Project("{9A19103F-16F7-4668-BE54-9A1E7A4F7556}") = "QingRain.MvcClient.AuthorizationCode", "IDS4-AuthorizationCode\QingRain.MvcClient.AuthorizationCode\QingRain.MvcClient.AuthorizationCode.csproj", "{CE14E6A3-0E75-487A-A619-51F8D8A01F6B}"
EndProject
Project("{9A19103F-16F7-4668-BE54-9A1E7A4F7556}") = "QingRain.IdentityServer.AuthorizationCode", "IDS4-AuthorizationCode\QingRain.IdentityServer.AuthorizationCode\QingRain.IdentityServer.AuthorizationCode.csproj", "{A3BF5DAA-9414-4F11-957C-BABBBE0A70EA}"
EndProject
Project("{2150E333-8FDC-42A3-9474-1A3956D46DE8}") = "IDS4-AuthorizationCodePKCE", "IDS4-AuthorizationCodePKCE", "{E174EBB4-2AEC-43FA-B5FF-55D16BFC3481}"
EndProject
Project("{9A19103F-16F7-4668-BE54-9A1E7A4F7556}") = "QingRain.IdentityServer.AuthorizationCodePKCE", "IDS4-AuthorizationCodePKCE\QingRain.IdentityServer.AuthorizationCodePKCE\QingRain.IdentityServer.AuthorizationCodePKCE.csproj", "{7369548F-CE38-41E5-9E00-53B3826D4720}"
EndProject
Project("{9A19103F-16F7-4668-BE54-9A1E7A4F7556}") = "QingRain.MvcClient.AuthorizationCodePKCE", "IDS4-AuthorizationCodePKCE\QingRain.MvcClient.AuthorizationCodePKCE\QingRain.MvcClient.AuthorizationCodePKCE.csproj", "{BAC04CA4-7638-4269-92C7-D044FAE02946}"
EndProject
Project("{2150E333-8FDC-42A3-9474-1A3956D46DE8}") = "IDS4-Hybrid", "IDS4-Hybrid", "{C8C29A81-CB2D-408E-8F86-A9EF36C46153}"
EndProject
Project("{9A19103F-16F7-4668-BE54-9A1E7A4F7556}") = "QingRain.IdentityServer.Hybrid", "IDS4-Hybrid\QingRain.IdentityServer.Hybrid\QingRain.IdentityServer.Hybrid.csproj", "{EAD0CBA5-37B9-49EE-9610-726284015374}"
EndProject
Project("{9A19103F-16F7-4668-BE54-9A1E7A4F7556}") = "QingRain.MvcClient.Hybrid", "IDS4-Hybrid\QingRain.MvcClient.Hybrid\QingRain.MvcClient.Hybrid.csproj", "{15DC18D4-75A1-4B96-9071-C91585EEE120}"
EndProject
Project("{2150E333-8FDC-42A3-9474-1A3956D46DE8}") = "IDS4-Social", "IDS4-Social", "{BEC81077-CF87-465E-BB34-CC1619250A96}"
EndProject
Project("{9A19103F-16F7-4668-BE54-9A1E7A4F7556}") = "QingRain.IdentityServer.Social", "IDS4-Social\QingRain.IdentityServer.Social\QingRain.IdentityServer.Social.csproj", "{F2F1AC49-3C89-491C-91F4-3C3A2AE14360}"
EndProject
Project("{9A19103F-16F7-4668-BE54-9A1E7A4F7556}") = "QingRain.MvcClient.Social", "IDS4-Social\QingRain.MvcClient.Social\QingRain.MvcClient.Social.csproj", "{D8C95648-2BAF-436E-BBB9-F4CB00914848}"
EndProject
Project("{2150E333-8FDC-42A3-9474-1A3956D46DE8}") = "IDS4-Device", "IDS4-Device", "{1F8831BC-C48F-4BFB-B7CD-4413E2A60F25}"
EndProject
Project("{9A19103F-16F7-4668-BE54-9A1E7A4F7556}") = "QingRain.IdentityServer.Device", "IDS4-Device\QingRain.IdentityServer.Device\QingRain.IdentityServer.Device.csproj", "{92F89F4D-ED55-4E75-B9BA-BF45C4BFE71E}"
EndProject
Project("{9A19103F-16F7-4668-BE54-9A1E7A4F7556}") = "QingRain.Api.Device", "IDS4-Device\QingRain.Api.Device\QingRain.Api.Device.csproj", "{509F7D99-1270-4971-9013-4047FD57F830}"
EndProject
Project("{9A19103F-16F7-4668-BE54-9A1E7A4F7556}") = "QingRain.WpfClient.Device", "IDS4-Device\QingRain.WpfClient.Device\QingRain.WpfClient.Device.csproj", "{1EC229B2-7AB5-4EBD-A5A7-778EA4DCB780}"
EndProject
Project("{2150E333-8FDC-42A3-9474-1A3956D46DE8}") = "IDS4-JwtBearer", "IDS4-JwtBearer", "{03F3F9DB-5594-416D-8950-DB75D3A23D52}"
EndProject
Project("{9A19103F-16F7-4668-BE54-9A1E7A4F7556}") = "QingRain.Api.JwtBearer", "IDS4-JwtBearer\QingRain.Api.JwtBearer\QingRain.Api.JwtBearer.csproj", "{1A44AE5F-52A3-4E56-89F1-B247860C50C6}"
EndProject
Project("{9A19103F-16F7-4668-BE54-9A1E7A4F7556}") = "QingRain.Client.JwtBearer", "IDS4-JwtBearer\QingRain.Client.JwtBearer\QingRain.Client.JwtBearer.csproj", "{4B203B97-96F4-443C-87FE-748C87303391}"
EndProject
Project("{9A19103F-16F7-4668-BE54-9A1E7A4F7556}") = "QingRain.IdentityServer.JwtBearer", "IDS4-JwtBearer\QingRain.IdentityServer.JwtBearer\QingRain.IdentityServer.JwtBearer.csproj", "{85489E26-EB61-4B9F-BCA8-57E0F43AE41E}"
EndProject
Project("{9A19103F-16F7-4668-BE54-9A1E7A4F7556}") = "QingRain.MvcClient.JwtBearer", "IDS4-JwtBearer\QingRain.MvcClient.JwtBearer\QingRain.MvcClient.JwtBearer.csproj", "{3EBA6BB6-EC35-48D0-B23E-F2683E55D09F}"
EndProject
Project("{9A19103F-16F7-4668-BE54-9A1E7A4F7556}") = "QingRain.JavaScriptClient.JwtBearer", "IDS4-JwtBearer\QingRain.JavaScriptClient.JwtBearer\QingRain.JavaScriptClient.JwtBearer.csproj", "{5F630DCB-E6A9-43B0-A908-BF94CA744AAC}"
EndProject
Project("{2150E333-8FDC-42A3-9474-1A3956D46DE8}") = "IDS4-IdentityServer", "IDS4-IdentityServer", "{22A91B2E-44A9-483C-AD0F-6D235241EE30}"
EndProject
Project("{9A19103F-16F7-4668-BE54-9A1E7A4F7556}") = "QingRain.Api.IdentityServer", "IDS4-IdentityServer\QingRain.Api.IdentityServer\QingRain.Api.IdentityServer.csproj", "{B4FD8F09-E2FC-42BF-912F-F05D7DA36716}"
EndProject
Project("{9A19103F-16F7-4668-BE54-9A1E7A4F7556}") = "QingRain.IdentityServer.IdentityServer", "IDS4-IdentityServer\QingRain.IdentityServer.IdentityServer\QingRain.IdentityServer.IdentityServer.csproj", "{DF96FD09-CE78-43F3-92FD-DD8BB8E3C778}"
EndProject
Project("{9A19103F-16F7-4668-BE54-9A1E7A4F7556}") = "QingRain.MvcClient.IdentityServer", "IDS4-IdentityServer\QingRain.MvcClient.IdentityServer\QingRain.MvcClient.IdentityServer.csproj", "{7F3458DA-D965-4C61-9413-E93E964CA71D}"
EndProject
Global
	GlobalSection(SolutionConfigurationPlatforms) = preSolution
		Debug|Any CPU = Debug|Any CPU
		Release|Any CPU = Release|Any CPU
	EndGlobalSection
	GlobalSection(ProjectConfigurationPlatforms) = postSolution
		{0A25D917-F276-4B67-9F74-123D3549879C}.Debug|Any CPU.ActiveCfg = Debug|Any CPU
		{0A25D917-F276-4B67-9F74-123D3549879C}.Debug|Any CPU.Build.0 = Debug|Any CPU
		{0A25D917-F276-4B67-9F74-123D3549879C}.Release|Any CPU.ActiveCfg = Release|Any CPU
		{0A25D917-F276-4B67-9F74-123D3549879C}.Release|Any CPU.Build.0 = Release|Any CPU
		{A1C15036-465C-434F-8EC1-AF98FDB24EE2}.Debug|Any CPU.ActiveCfg = Debug|Any CPU
		{A1C15036-465C-434F-8EC1-AF98FDB24EE2}.Debug|Any CPU.Build.0 = Debug|Any CPU
		{A1C15036-465C-434F-8EC1-AF98FDB24EE2}.Release|Any CPU.ActiveCfg = Release|Any CPU
		{A1C15036-465C-434F-8EC1-AF98FDB24EE2}.Release|Any CPU.Build.0 = Release|Any CPU
		{F6E7D139-B3BF-4539-A18C-721C9048A874}.Debug|Any CPU.ActiveCfg = Debug|Any CPU
		{F6E7D139-B3BF-4539-A18C-721C9048A874}.Debug|Any CPU.Build.0 = Debug|Any CPU
		{F6E7D139-B3BF-4539-A18C-721C9048A874}.Release|Any CPU.ActiveCfg = Release|Any CPU
		{F6E7D139-B3BF-4539-A18C-721C9048A874}.Release|Any CPU.Build.0 = Release|Any CPU
		{AE0DBDF7-FB5F-4FB4-ACEE-2C990F338305}.Debug|Any CPU.ActiveCfg = Debug|Any CPU
		{AE0DBDF7-FB5F-4FB4-ACEE-2C990F338305}.Debug|Any CPU.Build.0 = Debug|Any CPU
		{AE0DBDF7-FB5F-4FB4-ACEE-2C990F338305}.Release|Any CPU.ActiveCfg = Release|Any CPU
		{AE0DBDF7-FB5F-4FB4-ACEE-2C990F338305}.Release|Any CPU.Build.0 = Release|Any CPU
		{82D0C799-2449-454B-BAE1-2A8198DF4749}.Debug|Any CPU.ActiveCfg = Debug|Any CPU
		{82D0C799-2449-454B-BAE1-2A8198DF4749}.Debug|Any CPU.Build.0 = Debug|Any CPU
		{82D0C799-2449-454B-BAE1-2A8198DF4749}.Release|Any CPU.ActiveCfg = Release|Any CPU
		{82D0C799-2449-454B-BAE1-2A8198DF4749}.Release|Any CPU.Build.0 = Release|Any CPU
		{9CC4F297-8532-4255-AC55-A88E4936BA93}.Debug|Any CPU.ActiveCfg = Debug|Any CPU
		{9CC4F297-8532-4255-AC55-A88E4936BA93}.Debug|Any CPU.Build.0 = Debug|Any CPU
		{9CC4F297-8532-4255-AC55-A88E4936BA93}.Release|Any CPU.ActiveCfg = Release|Any CPU
		{9CC4F297-8532-4255-AC55-A88E4936BA93}.Release|Any CPU.Build.0 = Release|Any CPU
		{E765485B-E94B-46FA-895C-AD17F5B00C74}.Debug|Any CPU.ActiveCfg = Debug|Any CPU
		{E765485B-E94B-46FA-895C-AD17F5B00C74}.Debug|Any CPU.Build.0 = Debug|Any CPU
		{E765485B-E94B-46FA-895C-AD17F5B00C74}.Release|Any CPU.ActiveCfg = Release|Any CPU
		{E765485B-E94B-46FA-895C-AD17F5B00C74}.Release|Any CPU.Build.0 = Release|Any CPU
		{DE97A7D6-9431-4DE7-8A6B-9A35DB86BFF6}.Debug|Any CPU.ActiveCfg = Debug|Any CPU
		{DE97A7D6-9431-4DE7-8A6B-9A35DB86BFF6}.Debug|Any CPU.Build.0 = Debug|Any CPU
		{DE97A7D6-9431-4DE7-8A6B-9A35DB86BFF6}.Release|Any CPU.ActiveCfg = Release|Any CPU
		{DE97A7D6-9431-4DE7-8A6B-9A35DB86BFF6}.Release|Any CPU.Build.0 = Release|Any CPU
		{CE14E6A3-0E75-487A-A619-51F8D8A01F6B}.Debug|Any CPU.ActiveCfg = Debug|Any CPU
		{CE14E6A3-0E75-487A-A619-51F8D8A01F6B}.Debug|Any CPU.Build.0 = Debug|Any CPU
		{CE14E6A3-0E75-487A-A619-51F8D8A01F6B}.Release|Any CPU.ActiveCfg = Release|Any CPU
		{CE14E6A3-0E75-487A-A619-51F8D8A01F6B}.Release|Any CPU.Build.0 = Release|Any CPU
		{A3BF5DAA-9414-4F11-957C-BABBBE0A70EA}.Debug|Any CPU.ActiveCfg = Debug|Any CPU
		{A3BF5DAA-9414-4F11-957C-BABBBE0A70EA}.Debug|Any CPU.Build.0 = Debug|Any CPU
		{A3BF5DAA-9414-4F11-957C-BABBBE0A70EA}.Release|Any CPU.ActiveCfg = Release|Any CPU
		{A3BF5DAA-9414-4F11-957C-BABBBE0A70EA}.Release|Any CPU.Build.0 = Release|Any CPU
		{7369548F-CE38-41E5-9E00-53B3826D4720}.Debug|Any CPU.ActiveCfg = Debug|Any CPU
		{7369548F-CE38-41E5-9E00-53B3826D4720}.Debug|Any CPU.Build.0 = Debug|Any CPU
		{7369548F-CE38-41E5-9E00-53B3826D4720}.Release|Any CPU.ActiveCfg = Release|Any CPU
		{7369548F-CE38-41E5-9E00-53B3826D4720}.Release|Any CPU.Build.0 = Release|Any CPU
		{BAC04CA4-7638-4269-92C7-D044FAE02946}.Debug|Any CPU.ActiveCfg = Debug|Any CPU
		{BAC04CA4-7638-4269-92C7-D044FAE02946}.Debug|Any CPU.Build.0 = Debug|Any CPU
		{BAC04CA4-7638-4269-92C7-D044FAE02946}.Release|Any CPU.ActiveCfg = Release|Any CPU
		{BAC04CA4-7638-4269-92C7-D044FAE02946}.Release|Any CPU.Build.0 = Release|Any CPU
		{EAD0CBA5-37B9-49EE-9610-726284015374}.Debug|Any CPU.ActiveCfg = Debug|Any CPU
		{EAD0CBA5-37B9-49EE-9610-726284015374}.Debug|Any CPU.Build.0 = Debug|Any CPU
		{EAD0CBA5-37B9-49EE-9610-726284015374}.Release|Any CPU.ActiveCfg = Release|Any CPU
		{EAD0CBA5-37B9-49EE-9610-726284015374}.Release|Any CPU.Build.0 = Release|Any CPU
		{15DC18D4-75A1-4B96-9071-C91585EEE120}.Debug|Any CPU.ActiveCfg = Debug|Any CPU
		{15DC18D4-75A1-4B96-9071-C91585EEE120}.Debug|Any CPU.Build.0 = Debug|Any CPU
		{15DC18D4-75A1-4B96-9071-C91585EEE120}.Release|Any CPU.ActiveCfg = Release|Any CPU
		{15DC18D4-75A1-4B96-9071-C91585EEE120}.Release|Any CPU.Build.0 = Release|Any CPU
		{F2F1AC49-3C89-491C-91F4-3C3A2AE14360}.Debug|Any CPU.ActiveCfg = Debug|Any CPU
		{F2F1AC49-3C89-491C-91F4-3C3A2AE14360}.Debug|Any CPU.Build.0 = Debug|Any CPU
		{F2F1AC49-3C89-491C-91F4-3C3A2AE14360}.Release|Any CPU.ActiveCfg = Release|Any CPU
		{F2F1AC49-3C89-491C-91F4-3C3A2AE14360}.Release|Any CPU.Build.0 = Release|Any CPU
		{D8C95648-2BAF-436E-BBB9-F4CB00914848}.Debug|Any CPU.ActiveCfg = Debug|Any CPU
		{D8C95648-2BAF-436E-BBB9-F4CB00914848}.Debug|Any CPU.Build.0 = Debug|Any CPU
		{D8C95648-2BAF-436E-BBB9-F4CB00914848}.Release|Any CPU.ActiveCfg = Release|Any CPU
		{D8C95648-2BAF-436E-BBB9-F4CB00914848}.Release|Any CPU.Build.0 = Release|Any CPU
		{92F89F4D-ED55-4E75-B9BA-BF45C4BFE71E}.Debug|Any CPU.ActiveCfg = Debug|Any CPU
		{92F89F4D-ED55-4E75-B9BA-BF45C4BFE71E}.Debug|Any CPU.Build.0 = Debug|Any CPU
		{92F89F4D-ED55-4E75-B9BA-BF45C4BFE71E}.Release|Any CPU.ActiveCfg = Release|Any CPU
		{92F89F4D-ED55-4E75-B9BA-BF45C4BFE71E}.Release|Any CPU.Build.0 = Release|Any CPU
		{509F7D99-1270-4971-9013-4047FD57F830}.Debug|Any CPU.ActiveCfg = Debug|Any CPU
		{509F7D99-1270-4971-9013-4047FD57F830}.Debug|Any CPU.Build.0 = Debug|Any CPU
		{509F7D99-1270-4971-9013-4047FD57F830}.Release|Any CPU.ActiveCfg = Release|Any CPU
		{509F7D99-1270-4971-9013-4047FD57F830}.Release|Any CPU.Build.0 = Release|Any CPU
		{1EC229B2-7AB5-4EBD-A5A7-778EA4DCB780}.Debug|Any CPU.ActiveCfg = Debug|Any CPU
		{1EC229B2-7AB5-4EBD-A5A7-778EA4DCB780}.Debug|Any CPU.Build.0 = Debug|Any CPU
		{1EC229B2-7AB5-4EBD-A5A7-778EA4DCB780}.Release|Any CPU.ActiveCfg = Release|Any CPU
		{1EC229B2-7AB5-4EBD-A5A7-778EA4DCB780}.Release|Any CPU.Build.0 = Release|Any CPU
		{1A44AE5F-52A3-4E56-89F1-B247860C50C6}.Debug|Any CPU.ActiveCfg = Debug|Any CPU
		{1A44AE5F-52A3-4E56-89F1-B247860C50C6}.Debug|Any CPU.Build.0 = Debug|Any CPU
		{1A44AE5F-52A3-4E56-89F1-B247860C50C6}.Release|Any CPU.ActiveCfg = Release|Any CPU
		{1A44AE5F-52A3-4E56-89F1-B247860C50C6}.Release|Any CPU.Build.0 = Release|Any CPU
		{4B203B97-96F4-443C-87FE-748C87303391}.Debug|Any CPU.ActiveCfg = Debug|Any CPU
		{4B203B97-96F4-443C-87FE-748C87303391}.Debug|Any CPU.Build.0 = Debug|Any CPU
		{4B203B97-96F4-443C-87FE-748C87303391}.Release|Any CPU.ActiveCfg = Release|Any CPU
		{4B203B97-96F4-443C-87FE-748C87303391}.Release|Any CPU.Build.0 = Release|Any CPU
		{85489E26-EB61-4B9F-BCA8-57E0F43AE41E}.Debug|Any CPU.ActiveCfg = Debug|Any CPU
		{85489E26-EB61-4B9F-BCA8-57E0F43AE41E}.Debug|Any CPU.Build.0 = Debug|Any CPU
		{85489E26-EB61-4B9F-BCA8-57E0F43AE41E}.Release|Any CPU.ActiveCfg = Release|Any CPU
		{85489E26-EB61-4B9F-BCA8-57E0F43AE41E}.Release|Any CPU.Build.0 = Release|Any CPU
		{3EBA6BB6-EC35-48D0-B23E-F2683E55D09F}.Debug|Any CPU.ActiveCfg = Debug|Any CPU
		{3EBA6BB6-EC35-48D0-B23E-F2683E55D09F}.Debug|Any CPU.Build.0 = Debug|Any CPU
		{3EBA6BB6-EC35-48D0-B23E-F2683E55D09F}.Release|Any CPU.ActiveCfg = Release|Any CPU
		{3EBA6BB6-EC35-48D0-B23E-F2683E55D09F}.Release|Any CPU.Build.0 = Release|Any CPU
		{5F630DCB-E6A9-43B0-A908-BF94CA744AAC}.Debug|Any CPU.ActiveCfg = Debug|Any CPU
		{5F630DCB-E6A9-43B0-A908-BF94CA744AAC}.Debug|Any CPU.Build.0 = Debug|Any CPU
		{5F630DCB-E6A9-43B0-A908-BF94CA744AAC}.Release|Any CPU.ActiveCfg = Release|Any CPU
		{5F630DCB-E6A9-43B0-A908-BF94CA744AAC}.Release|Any CPU.Build.0 = Release|Any CPU
		{B4FD8F09-E2FC-42BF-912F-F05D7DA36716}.Debug|Any CPU.ActiveCfg = Debug|Any CPU
		{B4FD8F09-E2FC-42BF-912F-F05D7DA36716}.Debug|Any CPU.Build.0 = Debug|Any CPU
		{B4FD8F09-E2FC-42BF-912F-F05D7DA36716}.Release|Any CPU.ActiveCfg = Release|Any CPU
		{B4FD8F09-E2FC-42BF-912F-F05D7DA36716}.Release|Any CPU.Build.0 = Release|Any CPU
		{DF96FD09-CE78-43F3-92FD-DD8BB8E3C778}.Debug|Any CPU.ActiveCfg = Debug|Any CPU
		{DF96FD09-CE78-43F3-92FD-DD8BB8E3C778}.Debug|Any CPU.Build.0 = Debug|Any CPU
		{DF96FD09-CE78-43F3-92FD-DD8BB8E3C778}.Release|Any CPU.ActiveCfg = Release|Any CPU
		{DF96FD09-CE78-43F3-92FD-DD8BB8E3C778}.Release|Any CPU.Build.0 = Release|Any CPU
		{7F3458DA-D965-4C61-9413-E93E964CA71D}.Debug|Any CPU.ActiveCfg = Debug|Any CPU
		{7F3458DA-D965-4C61-9413-E93E964CA71D}.Debug|Any CPU.Build.0 = Debug|Any CPU
		{7F3458DA-D965-4C61-9413-E93E964CA71D}.Release|Any CPU.ActiveCfg = Release|Any CPU
		{7F3458DA-D965-4C61-9413-E93E964CA71D}.Release|Any CPU.Build.0 = Release|Any CPU
	EndGlobalSection
	GlobalSection(SolutionProperties) = preSolution
		HideSolutionNode = FALSE
	EndGlobalSection
	GlobalSection(NestedProjects) = preSolution
		{0A25D917-F276-4B67-9F74-123D3549879C} = {881F38E4-46A9-46A4-8FA2-FD46F14B56A6}
		{A1C15036-465C-434F-8EC1-AF98FDB24EE2} = {881F38E4-46A9-46A4-8FA2-FD46F14B56A6}
		{F6E7D139-B3BF-4539-A18C-721C9048A874} = {881F38E4-46A9-46A4-8FA2-FD46F14B56A6}
		{AE0DBDF7-FB5F-4FB4-ACEE-2C990F338305} = {D6DF85EF-8A76-43EF-8FBC-309DCDDBE052}
		{82D0C799-2449-454B-BAE1-2A8198DF4749} = {D6DF85EF-8A76-43EF-8FBC-309DCDDBE052}
		{9CC4F297-8532-4255-AC55-A88E4936BA93} = {D6DF85EF-8A76-43EF-8FBC-309DCDDBE052}
		{E765485B-E94B-46FA-895C-AD17F5B00C74} = {11145425-AFFB-4049-A6F0-9EE030081A29}
		{DE97A7D6-9431-4DE7-8A6B-9A35DB86BFF6} = {11145425-AFFB-4049-A6F0-9EE030081A29}
		{CE14E6A3-0E75-487A-A619-51F8D8A01F6B} = {117E38DE-242E-4AAC-A97E-8E5975C70A09}
		{A3BF5DAA-9414-4F11-957C-BABBBE0A70EA} = {117E38DE-242E-4AAC-A97E-8E5975C70A09}
		{7369548F-CE38-41E5-9E00-53B3826D4720} = {E174EBB4-2AEC-43FA-B5FF-55D16BFC3481}
		{BAC04CA4-7638-4269-92C7-D044FAE02946} = {E174EBB4-2AEC-43FA-B5FF-55D16BFC3481}
		{EAD0CBA5-37B9-49EE-9610-726284015374} = {C8C29A81-CB2D-408E-8F86-A9EF36C46153}
		{15DC18D4-75A1-4B96-9071-C91585EEE120} = {C8C29A81-CB2D-408E-8F86-A9EF36C46153}
		{F2F1AC49-3C89-491C-91F4-3C3A2AE14360} = {BEC81077-CF87-465E-BB34-CC1619250A96}
		{D8C95648-2BAF-436E-BBB9-F4CB00914848} = {BEC81077-CF87-465E-BB34-CC1619250A96}
		{92F89F4D-ED55-4E75-B9BA-BF45C4BFE71E} = {1F8831BC-C48F-4BFB-B7CD-4413E2A60F25}
		{509F7D99-1270-4971-9013-4047FD57F830} = {1F8831BC-C48F-4BFB-B7CD-4413E2A60F25}
		{1EC229B2-7AB5-4EBD-A5A7-778EA4DCB780} = {1F8831BC-C48F-4BFB-B7CD-4413E2A60F25}
		{1A44AE5F-52A3-4E56-89F1-B247860C50C6} = {03F3F9DB-5594-416D-8950-DB75D3A23D52}
		{4B203B97-96F4-443C-87FE-748C87303391} = {03F3F9DB-5594-416D-8950-DB75D3A23D52}
		{85489E26-EB61-4B9F-BCA8-57E0F43AE41E} = {03F3F9DB-5594-416D-8950-DB75D3A23D52}
		{3EBA6BB6-EC35-48D0-B23E-F2683E55D09F} = {03F3F9DB-5594-416D-8950-DB75D3A23D52}
		{5F630DCB-E6A9-43B0-A908-BF94CA744AAC} = {03F3F9DB-5594-416D-8950-DB75D3A23D52}
		{B4FD8F09-E2FC-42BF-912F-F05D7DA36716} = {22A91B2E-44A9-483C-AD0F-6D235241EE30}
		{DF96FD09-CE78-43F3-92FD-DD8BB8E3C778} = {22A91B2E-44A9-483C-AD0F-6D235241EE30}
		{7F3458DA-D965-4C61-9413-E93E964CA71D} = {22A91B2E-44A9-483C-AD0F-6D235241EE30}
	EndGlobalSection
	GlobalSection(ExtensibilityGlobals) = postSolution
		SolutionGuid = {E6C2B872-C921-4047-BEB7-FD9EC7310FF2}
	EndGlobalSection
EndGlobal
